
Microsoft Visual Studio Solution File, Format Version 12.00
# Visual Studio 15
VisualStudioVersion = 15.0.28307.489
MinimumVisualStudioVersion = 10.0.40219.1
Project("{FAE04EC0-301F-11D3-BF4B-00C04F79EFBC}") = "Osproject", "Osproject\Osproject.csproj", "{0F7C23ED-287B-4865-97F0-5F8648B7D4EF}"
EndProject
Global
	GlobalSection(SolutionConfigurationPlatforms) = preSolution
		Debug|Any CPU = Debug|Any CPU
		Release|Any CPU = Release|Any CPU
	EndGlobalSection
	GlobalSection(ProjectConfigurationPlatforms) = postSolution
		{0F7C23ED-287B-4865-97F0-5F8648B7D4EF}.Debug|Any CPU.ActiveCfg = Debug|Any CPU
		{0F7C23ED-287B-4865-97F0-5F8648B7D4EF}.Debug|Any CPU.Build.0 = Debug|Any CPU
		{0F7C23ED-287B-4865-97F0-5F8648B7D4EF}.Release|Any CPU.ActiveCfg = Release|Any CPU
		{0F7C23ED-287B-4865-97F0-5F8648B7D4EF}.Release|Any CPU.Build.0 = Release|Any CPU
	EndGlobalSection
	GlobalSection(SolutionProperties) = preSolution
		HideSolutionNode = FALSE
	EndGlobalSection
	GlobalSection(ExtensibilityGlobals) = postSolution
		SolutionGuid = {98816380-764B-44F2-941E-54A93237EF10}
	EndGlobalSection
EndGlobal
